
Microsoft Visual Studio Solution File, Format Version 12.00
# Visual Studio 2012
Project("{8BC9CEB8-8B4A-11D0-8D11-00A0C91BC942}") = "senacetin_Cetin_SenaNecla_hw8", "senacetin_Cetin_SenaNecla_hw8\senacetin_Cetin_SenaNecla_hw8.vcxproj", "{8F038D1D-4E1C-4C93-AFE2-C1C04D6D9EAA}"
EndProject
Global
	GlobalSection(SolutionConfigurationPlatforms) = preSolution
		Debug|Win32 = Debug|Win32
		Release|Win32 = Release|Win32
	EndGlobalSection
	GlobalSection(ProjectConfigurationPlatforms) = postSolution
		{8F038D1D-4E1C-4C93-AFE2-C1C04D6D9EAA}.Debug|Win32.ActiveCfg = Debug|Win32
		{8F038D1D-4E1C-4C93-AFE2-C1C04D6D9EAA}.Debug|Win32.Build.0 = Debug|Win32
		{8F038D1D-4E1C-4C93-AFE2-C1C04D6D9EAA}.Release|Win32.ActiveCfg = Release|Win32
		{8F038D1D-4E1C-4C93-AFE2-C1C04D6D9EAA}.Release|Win32.Build.0 = Release|Win32
	EndGlobalSection
	GlobalSection(SolutionProperties) = preSolution
		HideSolutionNode = FALSE
	EndGlobalSection
EndGlobal
